# krisCC restyle candidate used only by k1.0-final-restyle-fixes.
# Stable main remains pinned separately in build_files/krisCC.lock.
KRISCC_TAG=v0.5.1-10
KRISCC_RPM=krisCC-0.5.1-10.fc44.x86_64.rpm
KRISCC_SHA256=80bd3dc6a488688ed80ca7bb0462837a8fcafe8a1c2dc4849aa0e6bf62de941f
KRISCC_COMMIT=000ef6d57c5fb91fc14d5fa1bd895c93f9e70c07
