# krisCC restyle candidate used only by k1.0-final-restyle-fixes.
# Stable main remains pinned separately in build_files/krisCC.lock.
KRISCC_TAG=v0.5.1-9
KRISCC_RPM=krisCC-0.5.1-9.fc44.x86_64.rpm
KRISCC_SHA256=8439dec82667228bed5a39244cf38bc92b139f53fd7b051b46eabcaa73d95391
KRISCC_COMMIT=9deff25fd1e225a72a306ed0a818f043d8ba31e9
